
Microsoft Visual Studio Solution File, Format Version 12.00
# Visual Studio 2013
VisualStudioVersion = 12.0.31101.0
MinimumVisualStudioVersion = 10.0.40219.1
Project("{FAE04EC0-301F-11D3-BF4B-00C04F79EFBC}") = "Crate.Core", "Crate.Core\Crate.Core.csproj", "{DBC2CE1A-7634-44A1-AE61-037FED02CD8C}"
EndProject
Project("{FAE04EC0-301F-11D3-BF4B-00C04F79EFBC}") = "Crate.Tests", "Crate.Tests\Crate.Tests.csproj", "{DDC5F6C4-779C-43DC-825E-BCC60E8C81EE}"
EndProject
Project("{FAE04EC0-301F-11D3-BF4B-00C04F79EFBC}") = "Crate.UI", "Crate.UI\Crate.UI.csproj", "{DEE6738C-A131-441A-8BCA-7B75A8A774BC}"
EndProject
Project("{FAE04EC0-301F-11D3-BF4B-00C04F79EFBC}") = "Crate.DataAccess", "Crate.DataAccess\Crate.DataAccess.csproj", "{12E3EF76-A8CA-4970-84AE-5D27A0E620EB}"
EndProject
Global
	GlobalSection(SolutionConfigurationPlatforms) = preSolution
		Debug|Any CPU = Debug|Any CPU
		Release|Any CPU = Release|Any CPU
	EndGlobalSection
	GlobalSection(ProjectConfigurationPlatforms) = postSolution
		{DBC2CE1A-7634-44A1-AE61-037FED02CD8C}.Debug|Any CPU.ActiveCfg = Debug|Any CPU
		{DBC2CE1A-7634-44A1-AE61-037FED02CD8C}.Debug|Any CPU.Build.0 = Debug|Any CPU
		{DBC2CE1A-7634-44A1-AE61-037FED02CD8C}.Release|Any CPU.ActiveCfg = Release|Any CPU
		{DBC2CE1A-7634-44A1-AE61-037FED02CD8C}.Release|Any CPU.Build.0 = Release|Any CPU
		{DDC5F6C4-779C-43DC-825E-BCC60E8C81EE}.Debug|Any CPU.ActiveCfg = Debug|Any CPU
		{DDC5F6C4-779C-43DC-825E-BCC60E8C81EE}.Debug|Any CPU.Build.0 = Debug|Any CPU
		{DDC5F6C4-779C-43DC-825E-BCC60E8C81EE}.Release|Any CPU.ActiveCfg = Release|Any CPU
		{DDC5F6C4-779C-43DC-825E-BCC60E8C81EE}.Release|Any CPU.Build.0 = Release|Any CPU
		{DEE6738C-A131-441A-8BCA-7B75A8A774BC}.Debug|Any CPU.ActiveCfg = Debug|Any CPU
		{DEE6738C-A131-441A-8BCA-7B75A8A774BC}.Debug|Any CPU.Build.0 = Debug|Any CPU
		{DEE6738C-A131-441A-8BCA-7B75A8A774BC}.Release|Any CPU.ActiveCfg = Release|Any CPU
		{DEE6738C-A131-441A-8BCA-7B75A8A774BC}.Release|Any CPU.Build.0 = Release|Any CPU
		{12E3EF76-A8CA-4970-84AE-5D27A0E620EB}.Debug|Any CPU.ActiveCfg = Debug|Any CPU
		{12E3EF76-A8CA-4970-84AE-5D27A0E620EB}.Debug|Any CPU.Build.0 = Debug|Any CPU
		{12E3EF76-A8CA-4970-84AE-5D27A0E620EB}.Release|Any CPU.ActiveCfg = Release|Any CPU
		{12E3EF76-A8CA-4970-84AE-5D27A0E620EB}.Release|Any CPU.Build.0 = Release|Any CPU
	EndGlobalSection
	GlobalSection(SolutionProperties) = preSolution
		HideSolutionNode = FALSE
	EndGlobalSection
EndGlobal
